
Microsoft Visual Studio Solution File, Format Version 11.00
# Visual Studio 2010
Project("{FAE04EC0-301F-11D3-BF4B-00C04F79EFBC}") = "TaxDataStore", "TaxDataStore\TaxDataStore.csproj", "{5C71F04E-B5A2-4331-BCBB-C5D02B3107E8}"
EndProject
Project("{FAE04EC0-301F-11D3-BF4B-00C04F79EFBC}") = "StatusController", "StatusController\StatusController.csproj", "{F6413A9D-39FE-4939-99B4-CD4028050CB6}"
EndProject
Project("{FAE04EC0-301F-11D3-BF4B-00C04F79EFBC}") = "Resources", "Resources\Resources.csproj", "{D6632E21-6AD2-42A6-984E-5FE39EF8AE71}"
EndProject
Project("{FAE04EC0-301F-11D3-BF4B-00C04F79EFBC}") = "DomainModel", "DomainModel\DomainModel.csproj", "{13BB5104-B8FE-4213-A38B-B89AFD37FA43}"
EndProject
Project("{FAE04EC0-301F-11D3-BF4B-00C04F79EFBC}") = "Entities", "Entities\Entities.csproj", "{3F27A938-24F2-4AB3-B3DC-FCA877D80DED}"
EndProject
Global
	GlobalSection(SolutionConfigurationPlatforms) = preSolution
		Debug|Any CPU = Debug|Any CPU
		Debug|Mixed Platforms = Debug|Mixed Platforms
		Debug|x86 = Debug|x86
		Release|Any CPU = Release|Any CPU
		Release|Mixed Platforms = Release|Mixed Platforms
		Release|x86 = Release|x86
	EndGlobalSection
	GlobalSection(ProjectConfigurationPlatforms) = postSolution
		{5C71F04E-B5A2-4331-BCBB-C5D02B3107E8}.Debug|Any CPU.ActiveCfg = Debug|x86
		{5C71F04E-B5A2-4331-BCBB-C5D02B3107E8}.Debug|Mixed Platforms.ActiveCfg = Debug|x86
		{5C71F04E-B5A2-4331-BCBB-C5D02B3107E8}.Debug|Mixed Platforms.Build.0 = Debug|x86
		{5C71F04E-B5A2-4331-BCBB-C5D02B3107E8}.Debug|x86.ActiveCfg = Debug|x86
		{5C71F04E-B5A2-4331-BCBB-C5D02B3107E8}.Debug|x86.Build.0 = Debug|x86
		{5C71F04E-B5A2-4331-BCBB-C5D02B3107E8}.Release|Any CPU.ActiveCfg = Release|x86
		{5C71F04E-B5A2-4331-BCBB-C5D02B3107E8}.Release|Mixed Platforms.ActiveCfg = Release|x86
		{5C71F04E-B5A2-4331-BCBB-C5D02B3107E8}.Release|Mixed Platforms.Build.0 = Release|x86
		{5C71F04E-B5A2-4331-BCBB-C5D02B3107E8}.Release|x86.ActiveCfg = Release|x86
		{5C71F04E-B5A2-4331-BCBB-C5D02B3107E8}.Release|x86.Build.0 = Release|x86
		{F6413A9D-39FE-4939-99B4-CD4028050CB6}.Debug|Any CPU.ActiveCfg = Debug|Any CPU
		{F6413A9D-39FE-4939-99B4-CD4028050CB6}.Debug|Any CPU.Build.0 = Debug|Any CPU
		{F6413A9D-39FE-4939-99B4-CD4028050CB6}.Debug|Mixed Platforms.ActiveCfg = Debug|Any CPU
		{F6413A9D-39FE-4939-99B4-CD4028050CB6}.Debug|Mixed Platforms.Build.0 = Debug|Any CPU
		{F6413A9D-39FE-4939-99B4-CD4028050CB6}.Debug|x86.ActiveCfg = Debug|Any CPU
		{F6413A9D-39FE-4939-99B4-CD4028050CB6}.Release|Any CPU.ActiveCfg = Release|Any CPU
		{F6413A9D-39FE-4939-99B4-CD4028050CB6}.Release|Any CPU.Build.0 = Release|Any CPU
		{F6413A9D-39FE-4939-99B4-CD4028050CB6}.Release|Mixed Platforms.ActiveCfg = Release|Any CPU
		{F6413A9D-39FE-4939-99B4-CD4028050CB6}.Release|Mixed Platforms.Build.0 = Release|Any CPU
		{F6413A9D-39FE-4939-99B4-CD4028050CB6}.Release|x86.ActiveCfg = Release|Any CPU
		{D6632E21-6AD2-42A6-984E-5FE39EF8AE71}.Debug|Any CPU.ActiveCfg = Debug|Any CPU
		{D6632E21-6AD2-42A6-984E-5FE39EF8AE71}.Debug|Any CPU.Build.0 = Debug|Any CPU
		{D6632E21-6AD2-42A6-984E-5FE39EF8AE71}.Debug|Mixed Platforms.ActiveCfg = Debug|Any CPU
		{D6632E21-6AD2-42A6-984E-5FE39EF8AE71}.Debug|Mixed Platforms.Build.0 = Debug|Any CPU
		{D6632E21-6AD2-42A6-984E-5FE39EF8AE71}.Debug|x86.ActiveCfg = Debug|Any CPU
		{D6632E21-6AD2-42A6-984E-5FE39EF8AE71}.Release|Any CPU.ActiveCfg = Release|Any CPU
		{D6632E21-6AD2-42A6-984E-5FE39EF8AE71}.Release|Any CPU.Build.0 = Release|Any CPU
		{D6632E21-6AD2-42A6-984E-5FE39EF8AE71}.Release|Mixed Platforms.ActiveCfg = Release|Any CPU
		{D6632E21-6AD2-42A6-984E-5FE39EF8AE71}.Release|Mixed Platforms.Build.0 = Release|Any CPU
		{D6632E21-6AD2-42A6-984E-5FE39EF8AE71}.Release|x86.ActiveCfg = Release|Any CPU
		{13BB5104-B8FE-4213-A38B-B89AFD37FA43}.Debug|Any CPU.ActiveCfg = Debug|Any CPU
		{13BB5104-B8FE-4213-A38B-B89AFD37FA43}.Debug|Any CPU.Build.0 = Debug|Any CPU
		{13BB5104-B8FE-4213-A38B-B89AFD37FA43}.Debug|Mixed Platforms.ActiveCfg = Debug|Any CPU
		{13BB5104-B8FE-4213-A38B-B89AFD37FA43}.Debug|Mixed Platforms.Build.0 = Debug|Any CPU
		{13BB5104-B8FE-4213-A38B-B89AFD37FA43}.Debug|x86.ActiveCfg = Debug|Any CPU
		{13BB5104-B8FE-4213-A38B-B89AFD37FA43}.Release|Any CPU.ActiveCfg = Release|Any CPU
		{13BB5104-B8FE-4213-A38B-B89AFD37FA43}.Release|Any CPU.Build.0 = Release|Any CPU
		{13BB5104-B8FE-4213-A38B-B89AFD37FA43}.Release|Mixed Platforms.ActiveCfg = Release|Any CPU
		{13BB5104-B8FE-4213-A38B-B89AFD37FA43}.Release|Mixed Platforms.Build.0 = Release|Any CPU
		{13BB5104-B8FE-4213-A38B-B89AFD37FA43}.Release|x86.ActiveCfg = Release|Any CPU
		{3F27A938-24F2-4AB3-B3DC-FCA877D80DED}.Debug|Any CPU.ActiveCfg = Debug|Any CPU
		{3F27A938-24F2-4AB3-B3DC-FCA877D80DED}.Debug|Any CPU.Build.0 = Debug|Any CPU
		{3F27A938-24F2-4AB3-B3DC-FCA877D80DED}.Debug|Mixed Platforms.ActiveCfg = Debug|Any CPU
		{3F27A938-24F2-4AB3-B3DC-FCA877D80DED}.Debug|Mixed Platforms.Build.0 = Debug|Any CPU
		{3F27A938-24F2-4AB3-B3DC-FCA877D80DED}.Debug|x86.ActiveCfg = Debug|Any CPU
		{3F27A938-24F2-4AB3-B3DC-FCA877D80DED}.Release|Any CPU.ActiveCfg = Release|Any CPU
		{3F27A938-24F2-4AB3-B3DC-FCA877D80DED}.Release|Any CPU.Build.0 = Release|Any CPU
		{3F27A938-24F2-4AB3-B3DC-FCA877D80DED}.Release|Mixed Platforms.ActiveCfg = Release|Any CPU
		{3F27A938-24F2-4AB3-B3DC-FCA877D80DED}.Release|Mixed Platforms.Build.0 = Release|Any CPU
		{3F27A938-24F2-4AB3-B3DC-FCA877D80DED}.Release|x86.ActiveCfg = Release|Any CPU
	EndGlobalSection
	GlobalSection(SolutionProperties) = preSolution
		HideSolutionNode = FALSE
	EndGlobalSection
EndGlobal
